{
  "name": "tree-sitter-monkey",
  "version": "1.0.0",
  "lockfileVersion": 2,
  "requires": true,
  "packages": {
    "": {
      "name": "tree-sitter-monkey",
      "version": "1.0.0",
      "license": "ISC",
      "dependencies": {
        "nan": "^2.17.0"
      },
      "devDependencies": {
        "tree-sitter-cli": "^0.20.7",
        "watch": "^0.13.0"
      }
    },
    "node_modules/minimist": {
      "version": "1.2.7",
      "resolved": "https://registry.npmjs.org/minimist/-/minimist-1.2.7.tgz",
      "integrity": "sha512-bzfL1YUZsP41gmu/qjrEk0Q6i2ix/cVeAhbCbqH9u3zYutS1cLg00qhrD0M2MVdCcx4Sc0UpP2eBWo9rotpq6g==",
      "dev": true,
      "funding": {
        "url": "https://github.com/sponsors/ljharb"
      }
    },
    "node_modules/nan": {
      "version": "2.17.0",
      "resolved": "https://registry.npmjs.org/nan/-/nan-2.17.0.tgz",
      "integrity": "sha512-2ZTgtl0nJsO0KQCjEpxcIr5D+Yv90plTitZt9JBfQvVJDS5seMl3FOvsh3+9CoYWXf/1l5OaZzzF6nDm4cagaQ=="
    },
    "node_modules/tree-sitter-cli": {
      "version": "0.20.7",
      "resolved": "https://registry.npmjs.org/tree-sitter-cli/-/tree-sitter-cli-0.20.7.tgz",
      "integrity": "sha512-MHABT8oCPr4D0fatsPo6ATQ9H4h9vHpPRjlxkxJs80tpfAEKGn6A1zU3eqfCKBcgmfZDe9CiL3rKOGMzYHwA3w==",
      "dev": true,
      "hasInstallScript": true,
      "bin": {
        "tree-sitter": "cli.js"
      }
    },
    "node_modules/watch": {
      "version": "0.13.0",
      "resolved": "https://registry.npmjs.org/watch/-/watch-0.13.0.tgz",
      "integrity": "sha512-yTgNlr/8OjaGYq2FIv/PjU0zlv/pdAOmVSEeHNVcApFTT6ocWnMLhXlB6n/Rz9VVWXZmZkvkDnJ+iAIi/JjUJA==",
      "dev": true,
      "engines": [
        "node >=0.1.95"
      ],
      "dependencies": {
        "minimist": "^1.1.0"
      },
      "bin": {
        "watch": "cli.js"
      }
    }
  },
  "dependencies": {
    "minimist": {
      "version": "1.2.7",
      "resolved": "https://registry.npmjs.org/minimist/-/minimist-1.2.7.tgz",
      "integrity": "sha512-bzfL1YUZsP41gmu/qjrEk0Q6i2ix/cVeAhbCbqH9u3zYutS1cLg00qhrD0M2MVdCcx4Sc0UpP2eBWo9rotpq6g==",
      "dev": true
    },
    "nan": {
      "version": "2.17.0",
      "resolved": "https://registry.npmjs.org/nan/-/nan-2.17.0.tgz",
      "integrity": "sha512-2ZTgtl0nJsO0KQCjEpxcIr5D+Yv90plTitZt9JBfQvVJDS5seMl3FOvsh3+9CoYWXf/1l5OaZzzF6nDm4cagaQ=="
    },
    "tree-sitter-cli": {
      "version": "0.20.7",
      "resolved": "https://registry.npmjs.org/tree-sitter-cli/-/tree-sitter-cli-0.20.7.tgz",
      "integrity": "sha512-MHABT8oCPr4D0fatsPo6ATQ9H4h9vHpPRjlxkxJs80tpfAEKGn6A1zU3eqfCKBcgmfZDe9CiL3rKOGMzYHwA3w==",
      "dev": true
    },
    "watch": {
      "version": "0.13.0",
      "resolved": "https://registry.npmjs.org/watch/-/watch-0.13.0.tgz",
      "integrity": "sha512-yTgNlr/8OjaGYq2FIv/PjU0zlv/pdAOmVSEeHNVcApFTT6ocWnMLhXlB6n/Rz9VVWXZmZkvkDnJ+iAIi/JjUJA==",
      "dev": true,
      "requires": {
        "minimist": "^1.1.0"
      }
    }
  }
}
